
Microsoft Visual Studio Solution File, Format Version 12.00
# Visual Studio Version 17
Project("{2150E333-8FDC-42A3-9474-1A3956D46DE8}") = "CMakePredefinedTargets", "CMakePredefinedTargets", "{09205D16-FF02-301E-80C6-BE0A49B31C78}"
EndProject
Project("{8BC9CEB8-8B4A-11D0-8D11-00A0C91BC942}") = "ALL_BUILD", "ALL_BUILD.vcxproj", "{259797D1-3C31-349C-ABDD-34062A3BE00D}"
	ProjectSection(ProjectDependencies) = postProject
		{0450942C-A4A0-3617-85CD-FE264858C035} = {0450942C-A4A0-3617-85CD-FE264858C035}
		{47EC0275-8B99-3E3C-8B21-A5BAA6C31EA8} = {47EC0275-8B99-3E3C-8B21-A5BAA6C31EA8}
	EndProjectSection
EndProject
Project("{8BC9CEB8-8B4A-11D0-8D11-00A0C91BC942}") = "GLEW", "GLEW.vcxproj", "{0450942C-A4A0-3617-85CD-FE264858C035}"
	ProjectSection(ProjectDependencies) = postProject
		{47EC0275-8B99-3E3C-8B21-A5BAA6C31EA8} = {47EC0275-8B99-3E3C-8B21-A5BAA6C31EA8}
	EndProjectSection
EndProject
Project("{8BC9CEB8-8B4A-11D0-8D11-00A0C91BC942}") = "INSTALL", "INSTALL.vcxproj", "{FD60E43B-993D-377A-9690-B5EBBD5972AC}"
	ProjectSection(ProjectDependencies) = postProject
		{259797D1-3C31-349C-ABDD-34062A3BE00D} = {259797D1-3C31-349C-ABDD-34062A3BE00D}
		{47EC0275-8B99-3E3C-8B21-A5BAA6C31EA8} = {47EC0275-8B99-3E3C-8B21-A5BAA6C31EA8}
	EndProjectSection
EndProject
Project("{8BC9CEB8-8B4A-11D0-8D11-00A0C91BC942}") = "ZERO_CHECK", "..\\ZERO_CHECK.vcxproj", "{47EC0275-8B99-3E3C-8B21-A5BAA6C31EA8}"
	ProjectSection(ProjectDependencies) = postProject
	EndProjectSection
EndProject
Global
	GlobalSection(SolutionConfigurationPlatforms) = preSolution
		Debug|x64 = Debug|x64
		Release|x64 = Release|x64
		MinSizeRel|x64 = MinSizeRel|x64
		RelWithDebInfo|x64 = RelWithDebInfo|x64
	EndGlobalSection
	GlobalSection(ProjectConfigurationPlatforms) = postSolution
		{259797D1-3C31-349C-ABDD-34062A3BE00D}.Debug|x64.ActiveCfg = Debug|x64
		{259797D1-3C31-349C-ABDD-34062A3BE00D}.Debug|x64.Build.0 = Debug|x64
		{259797D1-3C31-349C-ABDD-34062A3BE00D}.Release|x64.ActiveCfg = Release|x64
		{259797D1-3C31-349C-ABDD-34062A3BE00D}.Release|x64.Build.0 = Release|x64
		{259797D1-3C31-349C-ABDD-34062A3BE00D}.MinSizeRel|x64.ActiveCfg = MinSizeRel|x64
		{259797D1-3C31-349C-ABDD-34062A3BE00D}.MinSizeRel|x64.Build.0 = MinSizeRel|x64
		{259797D1-3C31-349C-ABDD-34062A3BE00D}.RelWithDebInfo|x64.ActiveCfg = RelWithDebInfo|x64
		{259797D1-3C31-349C-ABDD-34062A3BE00D}.RelWithDebInfo|x64.Build.0 = RelWithDebInfo|x64
		{0450942C-A4A0-3617-85CD-FE264858C035}.Debug|x64.ActiveCfg = Debug|x64
		{0450942C-A4A0-3617-85CD-FE264858C035}.Debug|x64.Build.0 = Debug|x64
		{0450942C-A4A0-3617-85CD-FE264858C035}.Release|x64.ActiveCfg = Release|x64
		{0450942C-A4A0-3617-85CD-FE264858C035}.Release|x64.Build.0 = Release|x64
		{0450942C-A4A0-3617-85CD-FE264858C035}.MinSizeRel|x64.ActiveCfg = MinSizeRel|x64
		{0450942C-A4A0-3617-85CD-FE264858C035}.MinSizeRel|x64.Build.0 = MinSizeRel|x64
		{0450942C-A4A0-3617-85CD-FE264858C035}.RelWithDebInfo|x64.ActiveCfg = RelWithDebInfo|x64
		{0450942C-A4A0-3617-85CD-FE264858C035}.RelWithDebInfo|x64.Build.0 = RelWithDebInfo|x64
		{FD60E43B-993D-377A-9690-B5EBBD5972AC}.Debug|x64.ActiveCfg = Debug|x64
		{FD60E43B-993D-377A-9690-B5EBBD5972AC}.Release|x64.ActiveCfg = Release|x64
		{FD60E43B-993D-377A-9690-B5EBBD5972AC}.MinSizeRel|x64.ActiveCfg = MinSizeRel|x64
		{FD60E43B-993D-377A-9690-B5EBBD5972AC}.RelWithDebInfo|x64.ActiveCfg = RelWithDebInfo|x64
		{47EC0275-8B99-3E3C-8B21-A5BAA6C31EA8}.Debug|x64.ActiveCfg = Debug|x64
		{47EC0275-8B99-3E3C-8B21-A5BAA6C31EA8}.Debug|x64.Build.0 = Debug|x64
		{47EC0275-8B99-3E3C-8B21-A5BAA6C31EA8}.Release|x64.ActiveCfg = Release|x64
		{47EC0275-8B99-3E3C-8B21-A5BAA6C31EA8}.Release|x64.Build.0 = Release|x64
		{47EC0275-8B99-3E3C-8B21-A5BAA6C31EA8}.MinSizeRel|x64.ActiveCfg = MinSizeRel|x64
		{47EC0275-8B99-3E3C-8B21-A5BAA6C31EA8}.MinSizeRel|x64.Build.0 = MinSizeRel|x64
		{47EC0275-8B99-3E3C-8B21-A5BAA6C31EA8}.RelWithDebInfo|x64.ActiveCfg = RelWithDebInfo|x64
		{47EC0275-8B99-3E3C-8B21-A5BAA6C31EA8}.RelWithDebInfo|x64.Build.0 = RelWithDebInfo|x64
	EndGlobalSection
	GlobalSection(NestedProjects) = preSolution
		{259797D1-3C31-349C-ABDD-34062A3BE00D} = {09205D16-FF02-301E-80C6-BE0A49B31C78}
		{FD60E43B-993D-377A-9690-B5EBBD5972AC} = {09205D16-FF02-301E-80C6-BE0A49B31C78}
		{47EC0275-8B99-3E3C-8B21-A5BAA6C31EA8} = {09205D16-FF02-301E-80C6-BE0A49B31C78}
	EndGlobalSection
	GlobalSection(ExtensibilityGlobals) = postSolution
		SolutionGuid = {9545C459-0216-38BB-B43D-05B8F4C6A481}
	EndGlobalSection
	GlobalSection(ExtensibilityAddIns) = postSolution
	EndGlobalSection
EndGlobal
